// !$*UTF8*$!
{
	archiveVersion = 1;
	classes = {
	};
	objectVersion = 55;
	objects = {

/* Begin PBXBuildFile section */
		83712FDC277BC039008F8057 /* AppDelegate.swift in Sources */ = {isa = PBXBuildFile; fileRef = 83712FDB277BC039008F8057 /* AppDelegate.swift */; };
		83712FDE277BC039008F8057 /* SceneDelegate.swift in Sources */ = {isa = PBXBuildFile; fileRef = 83712FDD277BC039008F8057 /* SceneDelegate.swift */; };
		83712FE0277BC039008F8057 /* ViewController.swift in Sources */ = {isa = PBXBuildFile; fileRef = 83712FDF277BC039008F8057 /* ViewController.swift */; };
		83712FE3277BC039008F8057 /* Main.storyboard in Resources */ = {isa = PBXBuildFile; fileRef = 83712FE1277BC039008F8057 /* Main.storyboard */; };
		83712FE5277BC03A008F8057 /* Assets.xcassets in Resources */ = {isa = PBXBuildFile; fileRef = 83712FE4277BC03A008F8057 /* Assets.xcassets */; };
		83712FE8277BC03A008F8057 /* LaunchScreen.storyboard in Resources */ = {isa = PBXBuildFile; fileRef = 83712FE6277BC03A008F8057 /* LaunchScreen.storyboard */; };
		83712FF3277BC03B008F8057 /* TipCalculatorUpdatedTests.swift in Sources */ = {isa = PBXBuildFile; fileRef = 83712FF2277BC03B008F8057 /* TipCalculatorUpdatedTests.swift */; };
		83712FFD277BC03B008F8057 /* TipCalculatorUpdatedUITests.swift in Sources */ = {isa = PBXBuildFile; fileRef = 83712FFC277BC03B008F8057 /* TipCalculatorUpdatedUITests.swift */; };
		83712FFF277BC03B008F8057 /* TipCalculatorUpdatedUITestsLaunchTests.swift in Sources */ = {isa = PBXBuildFile; fileRef = 83712FFE277BC03B008F8057 /* TipCalculatorUpdatedUITestsLaunchTests.swift */; };
/* End PBXBuildFile section */

/* Begin PBXContainerItemProxy section */
		83712FEF277BC03B008F8057 /* PBXContainerItemProxy */ = {
			isa = PBXContainerItemProxy;
			containerPortal = 83712FD0277BC039008F8057 /* Project object */;
			proxyType = 1;
			remoteGlobalIDString = 83712FD7277BC039008F8057;
			remoteInfo = TipCalculatorUpdated;
		};
		83712FF9277BC03B008F8057 /* PBXContainerItemProxy */ = {
			isa = PBXContainerItemProxy;
			containerPortal = 83712FD0277BC039008F8057 /* Project object */;
			proxyType = 1;
			remoteGlobalIDString = 83712FD7277BC039008F8057;
			remoteInfo = TipCalculatorUpdated;
		};
/* End PBXContainerItemProxy section */

/* Begin PBXFileReference section */
		83712FD8277BC039008F8057 /* TipCalculatorUpdated.app */ = {isa = PBXFileReference; explicitFileType = wrapper.application; includeInIndex = 0; path = TipCalculatorUpdated.app; sourceTree = BUILT_PRODUCTS_DIR; };
		83712FDB277BC039008F8057 /* AppDelegate.swift */ = {isa = PBXFileReference; lastKnownFileType = sourcecode.swift; path = AppDelegate.swift; sourceTree = "<group>"; };
		83712FDD277BC039008F8057 /* SceneDelegate.swift */ = {isa = PBXFileReference; lastKnownFileType = sourcecode.swift; path = SceneDelegate.swift; sourceTree = "<group>"; };
		83712FDF277BC039008F8057 /* ViewController.swift */ = {isa = PBXFileReference; lastKnownFileType = sourcecode.swift; path = ViewController.swift; sourceTree = "<group>"; };
		83712FE2277BC039008F8057 /* Base */ = {isa = PBXFileReference; lastKnownFileType = file.storyboard; name = Base; path = Base.lproj/Main.storyboard; sourceTree = "<group>"; };
		83712FE4277BC03A008F8057 /* Assets.xcassets */ = {isa = PBXFileReference; lastKnownFileType = folder.assetcatalog; path = Assets.xcassets; sourceTree = "<group>"; };
		83712FE7277BC03A008F8057 /* Base */ = {isa = PBXFileReference; lastKnownFileType = file.storyboard; name = Base; path = Base.lproj/LaunchScreen.storyboard; sourceTree = "<group>"; };
		83712FE9277BC03A008F8057 /* Info.plist */ = {isa = PBXFileReference; lastKnownFileType = text.plist.xml; path = Info.plist; sourceTree = "<group>"; };
		83712FEE277BC03B008F8057 /* TipCalculatorUpdatedTests.xctest */ = {isa = PBXFileReference; explicitFileType = wrapper.cfbundle; includeInIndex = 0; path = TipCalculatorUpdatedTests.xctest; sourceTree = BUILT_PRODUCTS_DIR; };
		83712FF2277BC03B008F8057 /* TipCalculatorUpdatedTests.swift */ = {isa = PBXFileReference; lastKnownFileType = sourcecode.swift; path = TipCalculatorUpdatedTests.swift; sourceTree = "<group>"; };
		83712FF8277BC03B008F8057 /* TipCalculatorUpdatedUITests.xctest */ = {isa = PBXFileReference; explicitFileType = wrapper.cfbundle; includeInIndex = 0; path = TipCalculatorUpdatedUITests.xctest; sourceTree = BUILT_PRODUCTS_DIR; };
		83712FFC277BC03B008F8057 /* TipCalculatorUpdatedUITests.swift */ = {isa = PBXFileReference; lastKnownFileType = sourcecode.swift; path = TipCalculatorUpdatedUITests.swift; sourceTree = "<group>"; };
		83712FFE277BC03B008F8057 /* TipCalculatorUpdatedUITestsLaunchTests.swift */ = {isa = PBXFileReference; lastKnownFileType = sourcecode.swift; path = TipCalculatorUpdatedUITestsLaunchTests.swift; sourceTree = "<group>"; };
/* End PBXFileReference section */

/* Begin PBXFrameworksBuildPhase section */
		83712FD5277BC039008F8057 /* Frameworks */ = {
			isa = PBXFrameworksBuildPhase;
			buildActionMask = 2147483647;
			files = (
			);
			runOnlyForDeploymentPostprocessing = 0;
		};
		83712FEB277BC03B008F8057 /* Frameworks */ = {
			isa = PBXFrameworksBuildPhase;
			buildActionMask = 2147483647;
			files = (
			);
			runOnlyForDeploymentPostprocessing = 0;
		};
		83712FF5277BC03B008F8057 /* Frameworks */ = {
			isa = PBXFrameworksBuildPhase;
			buildActionMask = 2147483647;
			files = (
			);
			runOnlyForDeploymentPostprocessing = 0;
		};
/* End PBXFrameworksBuildPhase section */

/* Begin PBXGroup section */
		83712FCF277BC039008F8057 = {
			isa = PBXGroup;
			children = (
				83712FDA277BC039008F8057 /* TipCalculatorUpdated */,
				83712FF1277BC03B008F8057 /* TipCalculatorUpdatedTests */,
				83712FFB277BC03B008F8057 /* TipCalculatorUpdatedUITests */,
				83712FD9277BC039008F8057 /* Products */,
			);
			sourceTree = "<group>";
		};
		83712FD9277BC039008F8057 /* Products */ = {
			isa = PBXGroup;
			children = (
				83712FD8277BC039008F8057 /* TipCalculatorUpdated.app */,
				83712FEE277BC03B008F8057 /* TipCalculatorUpdatedTests.xctest */,
				83712FF8277BC03B008F8057 /* TipCalculatorUpdatedUITests.xctest */,
			);
			name = Products;
			sourceTree = "<group>";
		};
		83712FDA277BC039008F8057 /* TipCalculatorUpdated */ = {
			isa = PBXGroup;
			children = (
				83712FDB277BC039008F8057 /* AppDelegate.swift */,
				83712FDD277BC039008F8057 /* SceneDelegate.swift */,
				83712FDF277BC039008F8057 /* ViewController.swift */,
				83712FE1277BC039008F8057 /* Main.storyboard */,
				83712FE4277BC03A008F8057 /* Assets.xcassets */,
				83712FE6277BC03A008F8057 /* LaunchScreen.storyboard */,
				83712FE9277BC03A008F8057 /* Info.plist */,
			);
			path = TipCalculatorUpdated;
			sourceTree = "<group>";
		};
		83712FF1277BC03B008F8057 /* TipCalculatorUpdatedTests */ = {
			isa = PBXGroup;
			children = (
				83712FF2277BC03B008F8057 /* TipCalculatorUpdatedTests.swift */,
			);
			path = TipCalculatorUpdatedTests;
			sourceTree = "<group>";
		};
		83712FFB277BC03B008F8057 /* TipCalculatorUpdatedUITests */ = {
			isa = PBXGroup;
			children = (
				83712FFC277BC03B008F8057 /* TipCalculatorUpdatedUITests.swift */,
				83712FFE277BC03B008F8057 /* TipCalculatorUpdatedUITestsLaunchTests.swift */,
			);
			path = TipCalculatorUpdatedUITests;
			sourceTree = "<group>";
		};
/* End PBXGroup section */

/* Begin PBXNativeTarget section */
		83712FD7277BC039008F8057 /* TipCalculatorUpdated */ = {
			isa = PBXNativeTarget;
			buildConfigurationList = 83713002277BC03B008F8057 /* Build configuration list for PBXNativeTarget "TipCalculatorUpdated" */;
			buildPhases = (
				83712FD4277BC039008F8057 /* Sources */,
				83712FD5277BC039008F8057 /* Frameworks */,
				83712FD6277BC039008F8057 /* Resources */,
			);
			buildRules = (
			);
			dependencies = (
			);
			name = TipCalculatorUpdated;
			productName = TipCalculatorUpdated;
			productReference = 83712FD8277BC039008F8057 /* TipCalculatorUpdated.app */;
			productType = "com.apple.product-type.application";
		};
		83712FED277BC03B008F8057 /* TipCalculatorUpdatedTests */ = {
			isa = PBXNativeTarget;
			buildConfigurationList = 83713005277BC03B008F8057 /* Build configuration list for PBXNativeTarget "TipCalculatorUpdatedTests" */;
			buildPhases = (
				83712FEA277BC03B008F8057 /* Sources */,
				83712FEB277BC03B008F8057 /* Frameworks */,
				83712FEC277BC03B008F8057 /* Resources */,
			);
			buildRules = (
			);
			dependencies = (
				83712FF0277BC03B008F8057 /* PBXTargetDependency */,
			);
			name = TipCalculatorUpdatedTests;
			productName = TipCalculatorUpdatedTests;
			productReference = 83712FEE277BC03B008F8057 /* TipCalculatorUpdatedTests.xctest */;
			productType = "com.apple.product-type.bundle.unit-test";
		};
		83712FF7277BC03B008F8057 /* TipCalculatorUpdatedUITests */ = {
			isa = PBXNativeTarget;
			buildConfigurationList = 83713008277BC03B008F8057 /* Build configuration list for PBXNativeTarget "TipCalculatorUpdatedUITests" */;
			buildPhases = (
				83712FF4277BC03B008F8057 /* Sources */,
				83712FF5277BC03B008F8057 /* Frameworks */,
				83712FF6277BC03B008F8057 /* Resources */,
			);
			buildRules = (
			);
			dependencies = (
				83712FFA277BC03B008F8057 /* PBXTargetDependency */,
			);
			name = TipCalculatorUpdatedUITests;
			productName = TipCalculatorUpdatedUITests;
			productReference = 83712FF8277BC03B008F8057 /* TipCalculatorUpdatedUITests.xctest */;
			productType = "com.apple.product-type.bundle.ui-testing";
		};
/* End PBXNativeTarget section */

/* Begin PBXProject section */
		83712FD0277BC039008F8057 /* Project object */ = {
			isa = PBXProject;
			attributes = {
				BuildIndependentTargetsInParallel = 1;
				LastSwiftUpdateCheck = 1320;
				LastUpgradeCheck = 1320;
				TargetAttributes = {
					83712FD7277BC039008F8057 = {
						CreatedOnToolsVersion = 13.2.1;
					};
					83712FED277BC03B008F8057 = {
						CreatedOnToolsVersion = 13.2.1;
						TestTargetID = 83712FD7277BC039008F8057;
					};
					83712FF7277BC03B008F8057 = {
						CreatedOnToolsVersion = 13.2.1;
						TestTargetID = 83712FD7277BC039008F8057;
					};
				};
			};
			buildConfigurationList = 83712FD3277BC039008F8057 /* Build configuration list for PBXProject "TipCalculatorUpdated" */;
			compatibilityVersion = "Xcode 13.0";
			developmentRegion = en;
			hasScannedForEncodings = 0;
			knownRegions = (
				en,
				Base,
			);
			mainGroup = 83712FCF277BC039008F8057;
			productRefGroup = 83712FD9277BC039008F8057 /* Products */;
			projectDirPath = "";
			projectRoot = "";
			targets = (
				83712FD7277BC039008F8057 /* TipCalculatorUpdated */,
				83712FED277BC03B008F8057 /* TipCalculatorUpdatedTests */,
				83712FF7277BC03B008F8057 /* TipCalculatorUpdatedUITests */,
			);
		};
/* End PBXProject section */

/* Begin PBXResourcesBuildPhase section */
		83712FD6277BC039008F8057 /* Resources */ = {
			isa = PBXResourcesBuildPhase;
			buildActionMask = 2147483647;
			files = (
				83712FE8277BC03A008F8057 /* LaunchScreen.storyboard in Resources */,
				83712FE5277BC03A008F8057 /* Assets.xcassets in Resources */,
				83712FE3277BC039008F8057 /* Main.storyboard in Resources */,
			);
			runOnlyForDeploymentPostprocessing = 0;
		};
		83712FEC277BC03B008F8057 /* Resources */ = {
			isa = PBXResourcesBuildPhase;
			buildActionMask = 2147483647;
			files = (
			);
			runOnlyForDeploymentPostprocessing = 0;
		};
		83712FF6277BC03B008F8057 /* Resources */ = {
			isa = PBXResourcesBuildPhase;
			buildActionMask = 2147483647;
			files = (
			);
			runOnlyForDeploymentPostprocessing = 0;
		};
/* End PBXResourcesBuildPhase section */

/* Begin PBXSourcesBuildPhase section */
		83712FD4277BC039008F8057 /* Sources */ = {
			isa = PBXSourcesBuildPhase;
			buildActionMask = 2147483647;
			files = (
				83712FE0277BC039008F8057 /* ViewController.swift in Sources */,
				83712FDC277BC039008F8057 /* AppDelegate.swift in Sources */,
				83712FDE277BC039008F8057 /* SceneDelegate.swift in Sources */,
			);
			runOnlyForDeploymentPostprocessing = 0;
		};
		83712FEA277BC03B008F8057 /* Sources */ = {
			isa = PBXSourcesBuildPhase;
			buildActionMask = 2147483647;
			files = (
				83712FF3277BC03B008F8057 /* TipCalculatorUpdatedTests.swift in Sources */,
			);
			runOnlyForDeploymentPostprocessing = 0;
		};
		83712FF4277BC03B008F8057 /* Sources */ = {
			isa = PBXSourcesBuildPhase;
			buildActionMask = 2147483647;
			files = (
				83712FFF277BC03B008F8057 /* TipCalculatorUpdatedUITestsLaunchTests.swift in Sources */,
				83712FFD277BC03B008F8057 /* TipCalculatorUpdatedUITests.swift in Sources */,
			);
			runOnlyForDeploymentPostprocessing = 0;
		};
/* End PBXSourcesBuildPhase section */

/* Begin PBXTargetDependency section */
		83712FF0277BC03B008F8057 /* PBXTargetDependency */ = {
			isa = PBXTargetDependency;
			target = 83712FD7277BC039008F8057 /* TipCalculatorUpdated */;
			targetProxy = 83712FEF277BC03B008F8057 /* PBXContainerItemProxy */;
		};
		83712FFA277BC03B008F8057 /* PBXTargetDependency */ = {
			isa = PBXTargetDependency;
			target = 83712FD7277BC039008F8057 /* TipCalculatorUpdated */;
			targetProxy = 83712FF9277BC03B008F8057 /* PBXContainerItemProxy */;
		};
/* End PBXTargetDependency section */

/* Begin PBXVariantGroup section */
		83712FE1277BC039008F8057 /* Main.storyboard */ = {
			isa = PBXVariantGroup;
			children = (
				83712FE2277BC039008F8057 /* Base */,
			);
			name = Main.storyboard;
			sourceTree = "<group>";
		};
		83712FE6277BC03A008F8057 /* LaunchScreen.storyboard */ = {
			isa = PBXVariantGroup;
			children = (
				83712FE7277BC03A008F8057 /* Base */,
			);
			name = LaunchScreen.storyboard;
			sourceTree = "<group>";
		};
/* End PBXVariantGroup section */

/* Begin XCBuildConfiguration section */
		83713000277BC03B008F8057 /* Debug */ = {
			isa = XCBuildConfiguration;
			buildSettings = {
				ALWAYS_SEARCH_USER_PATHS = NO;
				CLANG_ANALYZER_NONNULL = YES;
				CLANG_ANALYZER_NUMBER_OBJECT_CONVERSION = YES_AGGRESSIVE;
				CLANG_CXX_LANGUAGE_STANDARD = "gnu++17";
				CLANG_CXX_LIBRARY = "libc++";
				CLANG_ENABLE_MODULES = YES;
				CLANG_ENABLE_OBJC_ARC = YES;
				CLANG_ENABLE_OBJC_WEAK = YES;
				CLANG_WARN_BLOCK_CAPTURE_AUTORELEASING = YES;
				CLANG_WARN_BOOL_CONVERSION = YES;
				CLANG_WARN_COMMA = YES;
				CLANG_WARN_CONSTANT_CONVERSION = YES;
				CLANG_WARN_DEPRECATED_OBJC_IMPLEMENTATIONS = YES;
				CLANG_WARN_DIRECT_OBJC_ISA_USAGE = YES_ERROR;
				CLANG_WARN_DOCUMENTATION_COMMENTS = YES;
				CLANG_WARN_EMPTY_BODY = YES;
				CLANG_WARN_ENUM_CONVERSION = YES;
				CLANG_WARN_INFINITE_RECURSION = YES;
				CLANG_WARN_INT_CONVERSION = YES;
				CLANG_WARN_NON_LITERAL_NULL_CONVERSION = YES;
				CLANG_WARN_OBJC_IMPLICIT_RETAIN_SELF = YES;
				CLANG_WARN_OBJC_LITERAL_CONVERSION = YES;
				CLANG_WARN_OBJC_ROOT_CLASS = YES_ERROR;
				CLANG_WARN_QUOTED_INCLUDE_IN_FRAMEWORK_HEADER = YES;
				CLANG_WARN_RANGE_LOOP_ANALYSIS = YES;
				CLANG_WARN_STRICT_PROTOTYPES = YES;
				CLANG_WARN_SUSPICIOUS_MOVE = YES;
				CLANG_WARN_UNGUARDED_AVAILABILITY = YES_AGGRESSIVE;
				CLANG_WARN_UNREACHABLE_CODE = YES;
				CLANG_WARN__DUPLICATE_METHOD_MATCH = YES;
				COPY_PHASE_STRIP = NO;
				DEBUG_INFORMATION_FORMAT = dwarf;
				ENABLE_STRICT_OBJC_MSGSEND = YES;
				ENABLE_TESTABILITY = YES;
				GCC_C_LANGUAGE_STANDARD = gnu11;
				GCC_DYNAMIC_NO_PIC = NO;
				GCC_NO_COMMON_BLOCKS = YES;
				GCC_OPTIMIZATION_LEVEL = 0;
				GCC_PREPROCESSOR_DEFINITIONS = (
					"DEBUG=1",
					"$(inherited)",
				);
				GCC_WARN_64_TO_32_BIT_CONVERSION = YES;
				GCC_WARN_ABOUT_RETURN_TYPE = YES_ERROR;
				GCC_WARN_UNDECLARED_SELECTOR = YES;
				GCC_WARN_UNINITIALIZED_AUTOS = YES_AGGRESSIVE;
				GCC_WARN_UNUSED_FUNCTION = YES;
				GCC_WARN_UNUSED_VARIABLE = YES;
				IPHONEOS_DEPLOYMENT_TARGET = 15.2;
				MTL_ENABLE_DEBUG_INFO = INCLUDE_SOURCE;
				MTL_FAST_MATH = YES;
				ONLY_ACTIVE_ARCH = YES;
				SDKROOT = iphoneos;
				SWIFT_ACTIVE_COMPILATION_CONDITIONS = DEBUG;
				SWIFT_OPTIMIZATION_LEVEL = "-Onone";
			};
			name = Debug;
		};
		83713001277BC03B008F8057 /* Release */ = {
			isa = XCBuildConfiguration;
			buildSettings = {
				ALWAYS_SEARCH_USER_PATHS = NO;
				CLANG_ANALYZER_NONNULL = YES;
				CLANG_ANALYZER_NUMBER_OBJECT_CONVERSION = YES_AGGRESSIVE;
				CLANG_CXX_LANGUAGE_STANDARD = "gnu++17";
				CLANG_CXX_LIBRARY = "libc++";
				CLANG_ENABLE_MODULES = YES;
				CLANG_ENABLE_OBJC_ARC = YES;
				CLANG_ENABLE_OBJC_WEAK = YES;
				CLANG_WARN_BLOCK_CAPTURE_AUTORELEASING = YES;
				CLANG_WARN_BOOL_CONVERSION = YES;
				CLANG_WARN_COMMA = YES;
				CLANG_WARN_CONSTANT_CONVERSION = YES;
				CLANG_WARN_DEPRECATED_OBJC_IMPLEMENTATIONS = YES;
				CLANG_WARN_DIRECT_OBJC_ISA_USAGE = YES_ERROR;
				CLANG_WARN_DOCUMENTATION_COMMENTS = YES;
				CLANG_WARN_EMPTY_BODY = YES;
				CLANG_WARN_ENUM_CONVERSION = YES;
				CLANG_WARN_INFINITE_RECURSION = YES;
				CLANG_WARN_INT_CONVERSION = YES;
				CLANG_WARN_NON_LITERAL_NULL_CONVERSION = YES;
				CLANG_WARN_OBJC_IMPLICIT_RETAIN_SELF = YES;
				CLANG_WARN_OBJC_LITERAL_CONVERSION = YES;
				CLANG_WARN_OBJC_ROOT_CLASS = YES_ERROR;
				CLANG_WARN_QUOTED_INCLUDE_IN_FRAMEWORK_HEADER = YES;
				CLANG_WARN_RANGE_LOOP_ANALYSIS = YES;
				CLANG_WARN_STRICT_PROTOTYPES = YES;
				CLANG_WARN_SUSPICIOUS_MOVE = YES;
				CLANG_WARN_UNGUARDED_AVAILABILITY = YES_AGGRESSIVE;
				CLANG_WARN_UNREACHABLE_CODE = YES;
				CLANG_WARN__DUPLICATE_METHOD_MATCH = YES;
				COPY_PHASE_STRIP = NO;
				DEBUG_INFORMATION_FORMAT = "dwarf-with-dsym";
				ENABLE_NS_ASSERTIONS = NO;
				ENABLE_STRICT_OBJC_MSGSEND = YES;
				GCC_C_LANGUAGE_STANDARD = gnu11;
				GCC_NO_COMMON_BLOCKS = YES;
				GCC_WARN_64_TO_32_BIT_CONVERSION = YES;
				GCC_WARN_ABOUT_RETURN_TYPE = YES_ERROR;
				GCC_WARN_UNDECLARED_SELECTOR = YES;
				GCC_WARN_UNINITIALIZED_AUTOS = YES_AGGRESSIVE;
				GCC_WARN_UNUSED_FUNCTION = YES;
				GCC_WARN_UNUSED_VARIABLE = YES;
				IPHONEOS_DEPLOYMENT_TARGET = 15.2;
				MTL_ENABLE_DEBUG_INFO = NO;
				MTL_FAST_MATH = YES;
				SDKROOT = iphoneos;
				SWIFT_COMPILATION_MODE = wholemodule;
				SWIFT_OPTIMIZATION_LEVEL = "-O";
				VALIDATE_PRODUCT = YES;
			};
			name = Release;
		};
		83713003277BC03B008F8057 /* Debug */ = {
			isa = XCBuildConfiguration;
			buildSettings = {
				ASSETCATALOG_COMPILER_APPICON_NAME = AppIcon;
				ASSETCATALOG_COMPILER_GLOBAL_ACCENT_COLOR_NAME = AccentColor;
				CODE_SIGN_STYLE = Automatic;
				CURRENT_PROJECT_VERSION = 1;
				GENERATE_INFOPLIST_FILE = YES;
				INFOPLIST_FILE = TipCalculatorUpdated/Info.plist;
				INFOPLIST_KEY_UIApplicationSupportsIndirectInputEvents = YES;
				INFOPLIST_KEY_UILaunchStoryboardName = LaunchScreen;
				INFOPLIST_KEY_UIMainStoryboardFile = Main;
				INFOPLIST_KEY_UISupportedInterfaceOrientations_iPad = "UIInterfaceOrientationPortrait UIInterfaceOrientationPortraitUpsideDown UIInterfaceOrientationLandscapeLeft UIInterfaceOrientationLandscapeRight";
				INFOPLIST_KEY_UISupportedInterfaceOrientations_iPhone = "UIInterfaceOrientationPortrait UIInterfaceOrientationLandscapeLeft UIInterfaceOrientationLandscapeRight";
				LD_RUNPATH_SEARCH_PATHS = (
					"$(inherited)",
					"@executable_path/Frameworks",
				);
				MARKETING_VERSION = 1.0;
				PRODUCT_BUNDLE_IDENTIFIER = memo.com.TipCalculatorUpdated;
				PRODUCT_NAME = "$(TARGET_NAME)";
				SWIFT_EMIT_LOC_STRINGS = YES;
				SWIFT_VERSION = 5.0;
				TARGETED_DEVICE_FAMILY = "1,2";
			};
			name = Debug;
		};
		83713004277BC03B008F8057 /* Release */ = {
			isa = XCBuildConfiguration;
			buildSettings = {
				ASSETCATALOG_COMPILER_APPICON_NAME = AppIcon;
				ASSETCATALOG_COMPILER_GLOBAL_ACCENT_COLOR_NAME = AccentColor;
				CODE_SIGN_STYLE = Automatic;
				CURRENT_PROJECT_VERSION = 1;
				GENERATE_INFOPLIST_FILE = YES;
				INFOPLIST_FILE = TipCalculatorUpdated/Info.plist;
				INFOPLIST_KEY_UIApplicationSupportsIndirectInputEvents = YES;
				INFOPLIST_KEY_UILaunchStoryboardName = LaunchScreen;
				INFOPLIST_KEY_UIMainStoryboardFile = Main;
				INFOPLIST_KEY_UISupportedInterfaceOrientations_iPad = "UIInterfaceOrientationPortrait UIInterfaceOrientationPortraitUpsideDown UIInterfaceOrientationLandscapeLeft UIInterfaceOrientationLandscapeRight";
				INFOPLIST_KEY_UISupportedInterfaceOrientations_iPhone = "UIInterfaceOrientationPortrait UIInterfaceOrientationLandscapeLeft UIInterfaceOrientationLandscapeRight";
				LD_RUNPATH_SEARCH_PATHS = (
					"$(inherited)",
					"@executable_path/Frameworks",
				);
				MARKETING_VERSION = 1.0;
				PRODUCT_BUNDLE_IDENTIFIER = memo.com.TipCalculatorUpdated;
				PRODUCT_NAME = "$(TARGET_NAME)";
				SWIFT_EMIT_LOC_STRINGS = YES;
				SWIFT_VERSION = 5.0;
				TARGETED_DEVICE_FAMILY = "1,2";
			};
			name = Release;
		};
		83713006277BC03B008F8057 /* Debug */ = {
			isa = XCBuildConfiguration;
			buildSettings = {
				ALWAYS_EMBED_SWIFT_STANDARD_LIBRARIES = YES;
				BUNDLE_LOADER = "$(TEST_HOST)";
				CODE_SIGN_STYLE = Automatic;
				CURRENT_PROJECT_VERSION = 1;
				GENERATE_INFOPLIST_FILE = YES;
				IPHONEOS_DEPLOYMENT_TARGET = 15.2;
				MARKETING_VERSION = 1.0;
				PRODUCT_BUNDLE_IDENTIFIER = memo.com.TipCalculatorUpdatedTests;
				PRODUCT_NAME = "$(TARGET_NAME)";
				SWIFT_EMIT_LOC_STRINGS = NO;
				SWIFT_VERSION = 5.0;
				TARGETED_DEVICE_FAMILY = "1,2";
				TEST_HOST = "$(BUILT_PRODUCTS_DIR)/TipCalculatorUpdated.app/TipCalculatorUpdated";
			};
			name = Debug;
		};
		83713007277BC03B008F8057 /* Release */ = {
			isa = XCBuildConfiguration;
			buildSettings = {
				ALWAYS_EMBED_SWIFT_STANDARD_LIBRARIES = YES;
				BUNDLE_LOADER = "$(TEST_HOST)";
				CODE_SIGN_STYLE = Automatic;
				CURRENT_PROJECT_VERSION = 1;
				GENERATE_INFOPLIST_FILE = YES;
				IPHONEOS_DEPLOYMENT_TARGET = 15.2;
				MARKETING_VERSION = 1.0;
				PRODUCT_BUNDLE_IDENTIFIER = memo.com.TipCalculatorUpdatedTests;
				PRODUCT_NAME = "$(TARGET_NAME)";
				SWIFT_EMIT_LOC_STRINGS = NO;
				SWIFT_VERSION = 5.0;
				TARGETED_DEVICE_FAMILY = "1,2";
				TEST_HOST = "$(BUILT_PRODUCTS_DIR)/TipCalculatorUpdated.app/TipCalculatorUpdated";
			};
			name = Release;
		};
		83713009277BC03B008F8057 /* Debug */ = {
			isa = XCBuildConfiguration;
			buildSettings = {
				ALWAYS_EMBED_SWIFT_STANDARD_LIBRARIES = YES;
				CODE_SIGN_STYLE = Automatic;
				CURRENT_PROJECT_VERSION = 1;
				GENERATE_INFOPLIST_FILE = YES;
				MARKETING_VERSION = 1.0;
				PRODUCT_BUNDLE_IDENTIFIER = memo.com.TipCalculatorUpdatedUITests;
				PRODUCT_NAME = "$(TARGET_NAME)";
				SWIFT_EMIT_LOC_STRINGS = NO;
				SWIFT_VERSION = 5.0;
				TARGETED_DEVICE_FAMILY = "1,2";
				TEST_TARGET_NAME = TipCalculatorUpdated;
			};
			name = Debug;
		};
		8371300A277BC03B008F8057 /* Release */ = {
			isa = XCBuildConfiguration;
			buildSettings = {
				ALWAYS_EMBED_SWIFT_STANDARD_LIBRARIES = YES;
				CODE_SIGN_STYLE = Automatic;
				CURRENT_PROJECT_VERSION = 1;
				GENERATE_INFOPLIST_FILE = YES;
				MARKETING_VERSION = 1.0;
				PRODUCT_BUNDLE_IDENTIFIER = memo.com.TipCalculatorUpdatedUITests;
				PRODUCT_NAME = "$(TARGET_NAME)";
				SWIFT_EMIT_LOC_STRINGS = NO;
				SWIFT_VERSION = 5.0;
				TARGETED_DEVICE_FAMILY = "1,2";
				TEST_TARGET_NAME = TipCalculatorUpdated;
			};
			name = Release;
		};
/* End XCBuildConfiguration section */

/* Begin XCConfigurationList section */
		83712FD3277BC039008F8057 /* Build configuration list for PBXProject "TipCalculatorUpdated" */ = {
			isa = XCConfigurationList;
			buildConfigurations = (
				83713000277BC03B008F8057 /* Debug */,
				83713001277BC03B008F8057 /* Release */,
			);
			defaultConfigurationIsVisible = 0;
			defaultConfigurationName = Release;
		};
		83713002277BC03B008F8057 /* Build configuration list for PBXNativeTarget "TipCalculatorUpdated" */ = {
			isa = XCConfigurationList;
			buildConfigurations = (
				83713003277BC03B008F8057 /* Debug */,
				83713004277BC03B008F8057 /* Release */,
			);
			defaultConfigurationIsVisible = 0;
			defaultConfigurationName = Release;
		};
		83713005277BC03B008F8057 /* Build configuration list for PBXNativeTarget "TipCalculatorUpdatedTests" */ = {
			isa = XCConfigurationList;
			buildConfigurations = (
				83713006277BC03B008F8057 /* Debug */,
				83713007277BC03B008F8057 /* Release */,
			);
			defaultConfigurationIsVisible = 0;
			defaultConfigurationName = Release;
		};
		83713008277BC03B008F8057 /* Build configuration list for PBXNativeTarget "TipCalculatorUpdatedUITests" */ = {
			isa = XCConfigurationList;
			buildConfigurations = (
				83713009277BC03B008F8057 /* Debug */,
				8371300A277BC03B008F8057 /* Release */,
			);
			defaultConfigurationIsVisible = 0;
			defaultConfigurationName = Release;
		};
/* End XCConfigurationList section */
	};
	rootObject = 83712FD0277BC039008F8057 /* Project object */;
}
